{
  "name": "js-port-scan",
  "version": "1.0.0",
  "lockfileVersion": 1,
  "requires": true,
  "dependencies": {
    "dgram": {
      "version": "1.0.1",
      "resolved": "https://registry.npmjs.org/dgram/-/dgram-1.0.1.tgz",
      "integrity": "sha512-zJVFL1EWfKtE0z2VN6qfpn/a+qG1viEzcwJA0EjtzS76ONSE3sEyWBwEbo32hS4IFw/EWVuWN+8b89aPW6It2A=="
    },
    "nan": {
      "version": "2.14.2",
      "resolved": "https://registry.npmjs.org/nan/-/nan-2.14.2.tgz",
      "integrity": "sha512-M2ufzIiINKCuDfBSAUr1vWQ+vuVcA9kqx8JJUsbQi6yf1uGRyb7HfpdfUr5qLXf3B/t8dPvcjhKMmlfnP47EzQ=="
    },
    "net": {
      "version": "1.0.2",
      "resolved": "https://registry.npmjs.org/net/-/net-1.0.2.tgz",
      "integrity": "sha512-kbhcj2SVVR4caaVnGLJKmlk2+f+oLkjqdKeQlmUtz6nGzOpbcobwVIeSURNgraV/v3tlmGIX82OcPCl0K6RbHQ=="
    },
    "net-ping": {
      "version": "1.2.3",
      "resolved": "https://registry.npmjs.org/net-ping/-/net-ping-1.2.3.tgz",
      "integrity": "sha512-ZKxj/kVPKL2RIsV9nR6I8nMT8Pi3k6ciTBKxD/6gd5lga9qcNmlyqNv+dbXqYGBvHsmG9yIpsfajr8X054x2fQ==",
      "requires": {
        "raw-socket": "*"
      }
    },
    "q": {
      "version": "1.5.1",
      "resolved": "https://registry.npmjs.org/q/-/q-1.5.1.tgz",
      "integrity": "sha512-kV/CThkXo6xyFEZUugw/+pIOywXcDbFYgSct5cT3gqlbkBE1SJdwy6UQoZvodiWF/ckQLZyDE/Bu1M6gVu5lVw=="
    },
    "raw-socket": {
      "version": "1.7.0",
      "resolved": "https://registry.npmjs.org/raw-socket/-/raw-socket-1.7.0.tgz",
      "integrity": "sha512-mXqWihgwaFNmV5le0dWk5o+03M3A2zBIkC9BNaE6R0CJN9eYot++j2FIqgNSDq6/Vmu32PPI155SiiWNV2yyFQ==",
      "requires": {
        "nan": "2.14.*"
      }
    }
  }
}
